// !$*UTF8*$!
{
	archiveVersion = 1;
	classes = {
	};
	objectVersion = 46;
	objects = {

/* Begin PBXBuildFile section */
		D1F249211D18E31500FF991E /* AppDelegate.swift in Sources */ = {isa = PBXBuildFile; fileRef = D1F249201D18E31500FF991E /* AppDelegate.swift */; };
		D1F249231D18E31500FF991E /* ViewController.swift in Sources */ = {isa = PBXBuildFile; fileRef = D1F249221D18E31500FF991E /* ViewController.swift */; };
		D1F249261D18E31500FF991E /* Main.storyboard in Resources */ = {isa = PBXBuildFile; fileRef = D1F249241D18E31500FF991E /* Main.storyboard */; };
		D1F249291D18E31500FF991E /* Billiam.xcdatamodeld in Sources */ = {isa = PBXBuildFile; fileRef = D1F249271D18E31500FF991E /* Billiam.xcdatamodeld */; };
		D1F2492B1D18E31500FF991E /* Assets.xcassets in Resources */ = {isa = PBXBuildFile; fileRef = D1F2492A1D18E31500FF991E /* Assets.xcassets */; };
		D1F2492E1D18E31500FF991E /* LaunchScreen.storyboard in Resources */ = {isa = PBXBuildFile; fileRef = D1F2492C1D18E31500FF991E /* LaunchScreen.storyboard */; };
		D1F249391D18E31500FF991E /* BilliamTests.swift in Sources */ = {isa = PBXBuildFile; fileRef = D1F249381D18E31500FF991E /* BilliamTests.swift */; };
		D1F249441D18E31500FF991E /* BilliamUITests.swift in Sources */ = {isa = PBXBuildFile; fileRef = D1F249431D18E31500FF991E /* BilliamUITests.swift */; };
/* End PBXBuildFile section */

/* Begin PBXContainerItemProxy section */
		D1F249351D18E31500FF991E /* PBXContainerItemProxy */ = {
			isa = PBXContainerItemProxy;
			containerPortal = D1F249151D18E31500FF991E /* Project object */;
			proxyType = 1;
			remoteGlobalIDString = D1F2491C1D18E31500FF991E;
			remoteInfo = Billiam;
		};
		D1F249401D18E31500FF991E /* PBXContainerItemProxy */ = {
			isa = PBXContainerItemProxy;
			containerPortal = D1F249151D18E31500FF991E /* Project object */;
			proxyType = 1;
			remoteGlobalIDString = D1F2491C1D18E31500FF991E;
			remoteInfo = Billiam;
		};
/* End PBXContainerItemProxy section */

/* Begin PBXFileReference section */
		D1F2491D1D18E31500FF991E /* Billiam.app */ = {isa = PBXFileReference; explicitFileType = wrapper.application; includeInIndex = 0; path = Billiam.app; sourceTree = BUILT_PRODUCTS_DIR; };
		D1F249201D18E31500FF991E /* AppDelegate.swift */ = {isa = PBXFileReference; lastKnownFileType = sourcecode.swift; path = AppDelegate.swift; sourceTree = "<group>"; };
		D1F249221D18E31500FF991E /* ViewController.swift */ = {isa = PBXFileReference; lastKnownFileType = sourcecode.swift; path = ViewController.swift; sourceTree = "<group>"; };
		D1F249251D18E31500FF991E /* Base */ = {isa = PBXFileReference; lastKnownFileType = file.storyboard; name = Base; path = Base.lproj/Main.storyboard; sourceTree = "<group>"; };
		D1F249281D18E31500FF991E /* Billiam.xcdatamodel */ = {isa = PBXFileReference; lastKnownFileType = wrapper.xcdatamodel; path = Billiam.xcdatamodel; sourceTree = "<group>"; };
		D1F2492A1D18E31500FF991E /* Assets.xcassets */ = {isa = PBXFileReference; lastKnownFileType = folder.assetcatalog; path = Assets.xcassets; sourceTree = "<group>"; };
		D1F2492D1D18E31500FF991E /* Base */ = {isa = PBXFileReference; lastKnownFileType = file.storyboard; name = Base; path = Base.lproj/LaunchScreen.storyboard; sourceTree = "<group>"; };
		D1F2492F1D18E31500FF991E /* Info.plist */ = {isa = PBXFileReference; lastKnownFileType = text.plist.xml; path = Info.plist; sourceTree = "<group>"; };
		D1F249341D18E31500FF991E /* BilliamTests.xctest */ = {isa = PBXFileReference; explicitFileType = wrapper.cfbundle; includeInIndex = 0; path = BilliamTests.xctest; sourceTree = BUILT_PRODUCTS_DIR; };
		D1F249381D18E31500FF991E /* BilliamTests.swift */ = {isa = PBXFileReference; lastKnownFileType = sourcecode.swift; path = BilliamTests.swift; sourceTree = "<group>"; };
		D1F2493A1D18E31500FF991E /* Info.plist */ = {isa = PBXFileReference; lastKnownFileType = text.plist.xml; path = Info.plist; sourceTree = "<group>"; };
		D1F2493F1D18E31500FF991E /* BilliamUITests.xctest */ = {isa = PBXFileReference; explicitFileType = wrapper.cfbundle; includeInIndex = 0; path = BilliamUITests.xctest; sourceTree = BUILT_PRODUCTS_DIR; };
		D1F249431D18E31500FF991E /* BilliamUITests.swift */ = {isa = PBXFileReference; lastKnownFileType = sourcecode.swift; path = BilliamUITests.swift; sourceTree = "<group>"; };
		D1F249451D18E31500FF991E /* Info.plist */ = {isa = PBXFileReference; lastKnownFileType = text.plist.xml; path = Info.plist; sourceTree = "<group>"; };
/* End PBXFileReference section */

/* Begin PBXFrameworksBuildPhase section */
		D1F2491A1D18E31500FF991E /* Frameworks */ = {
			isa = PBXFrameworksBuildPhase;
			buildActionMask = 2147483647;
			files = (
			);
			runOnlyForDeploymentPostprocessing = 0;
		};
		D1F249311D18E31500FF991E /* Frameworks */ = {
			isa = PBXFrameworksBuildPhase;
			buildActionMask = 2147483647;
			files = (
			);
			runOnlyForDeploymentPostprocessing = 0;
		};
		D1F2493C1D18E31500FF991E /* Frameworks */ = {
			isa = PBXFrameworksBuildPhase;
			buildActionMask = 2147483647;
			files = (
			);
			runOnlyForDeploymentPostprocessing = 0;
		};
/* End PBXFrameworksBuildPhase section */

/* Begin PBXGroup section */
		D1F249141D18E31500FF991E = {
			isa = PBXGroup;
			children = (
				D1F2491F1D18E31500FF991E /* Billiam */,
				D1F249371D18E31500FF991E /* BilliamTests */,
				D1F249421D18E31500FF991E /* BilliamUITests */,
				D1F2491E1D18E31500FF991E /* Products */,
			);
			sourceTree = "<group>";
		};
		D1F2491E1D18E31500FF991E /* Products */ = {
			isa = PBXGroup;
			children = (
				D1F2491D1D18E31500FF991E /* Billiam.app */,
				D1F249341D18E31500FF991E /* BilliamTests.xctest */,
				D1F2493F1D18E31500FF991E /* BilliamUITests.xctest */,
			);
			name = Products;
			sourceTree = "<group>";
		};
		D1F2491F1D18E31500FF991E /* Billiam */ = {
			isa = PBXGroup;
			children = (
				D1F249201D18E31500FF991E /* AppDelegate.swift */,
				D1F249221D18E31500FF991E /* ViewController.swift */,
				D1F249241D18E31500FF991E /* Main.storyboard */,
				D1F2492A1D18E31500FF991E /* Assets.xcassets */,
				D1F2492C1D18E31500FF991E /* LaunchScreen.storyboard */,
				D1F2492F1D18E31500FF991E /* Info.plist */,
				D1F249271D18E31500FF991E /* Billiam.xcdatamodeld */,
			);
			path = Billiam;
			sourceTree = "<group>";
		};
		D1F249371D18E31500FF991E /* BilliamTests */ = {
			isa = PBXGroup;
			children = (
				D1F249381D18E31500FF991E /* BilliamTests.swift */,
				D1F2493A1D18E31500FF991E /* Info.plist */,
			);
			path = BilliamTests;
			sourceTree = "<group>";
		};
		D1F249421D18E31500FF991E /* BilliamUITests */ = {
			isa = PBXGroup;
			children = (
				D1F249431D18E31500FF991E /* BilliamUITests.swift */,
				D1F249451D18E31500FF991E /* Info.plist */,
			);
			path = BilliamUITests;
			sourceTree = "<group>";
		};
/* End PBXGroup section */

/* Begin PBXNativeTarget section */
		D1F2491C1D18E31500FF991E /* Billiam */ = {
			isa = PBXNativeTarget;
			buildConfigurationList = D1F249481D18E31500FF991E /* Build configuration list for PBXNativeTarget "Billiam" */;
			buildPhases = (
				D1F249191D18E31500FF991E /* Sources */,
				D1F2491A1D18E31500FF991E /* Frameworks */,
				D1F2491B1D18E31500FF991E /* Resources */,
			);
			buildRules = (
			);
			dependencies = (
			);
			name = Billiam;
			productName = Billiam;
			productReference = D1F2491D1D18E31500FF991E /* Billiam.app */;
			productType = "com.apple.product-type.application";
		};
		D1F249331D18E31500FF991E /* BilliamTests */ = {
			isa = PBXNativeTarget;
			buildConfigurationList = D1F2494B1D18E31500FF991E /* Build configuration list for PBXNativeTarget "BilliamTests" */;
			buildPhases = (
				D1F249301D18E31500FF991E /* Sources */,
				D1F249311D18E31500FF991E /* Frameworks */,
				D1F249321D18E31500FF991E /* Resources */,
			);
			buildRules = (
			);
			dependencies = (
				D1F249361D18E31500FF991E /* PBXTargetDependency */,
			);
			name = BilliamTests;
			productName = BilliamTests;
			productReference = D1F249341D18E31500FF991E /* BilliamTests.xctest */;
			productType = "com.apple.product-type.bundle.unit-test";
		};
		D1F2493E1D18E31500FF991E /* BilliamUITests */ = {
			isa = PBXNativeTarget;
			buildConfigurationList = D1F2494E1D18E31500FF991E /* Build configuration list for PBXNativeTarget "BilliamUITests" */;
			buildPhases = (
				D1F2493B1D18E31500FF991E /* Sources */,
				D1F2493C1D18E31500FF991E /* Frameworks */,
				D1F2493D1D18E31500FF991E /* Resources */,
			);
			buildRules = (
			);
			dependencies = (
				D1F249411D18E31500FF991E /* PBXTargetDependency */,
			);
			name = BilliamUITests;
			productName = BilliamUITests;
			productReference = D1F2493F1D18E31500FF991E /* BilliamUITests.xctest */;
			productType = "com.apple.product-type.bundle.ui-testing";
		};
/* End PBXNativeTarget section */

/* Begin PBXProject section */
		D1F249151D18E31500FF991E /* Project object */ = {
			isa = PBXProject;
			attributes = {
				LastSwiftUpdateCheck = 0730;
				LastUpgradeCheck = 0730;
				ORGANIZATIONNAME = "Bill He";
				TargetAttributes = {
					D1F2491C1D18E31500FF991E = {
						CreatedOnToolsVersion = 7.3.1;
					};
					D1F249331D18E31500FF991E = {
						CreatedOnToolsVersion = 7.3.1;
						TestTargetID = D1F2491C1D18E31500FF991E;
					};
					D1F2493E1D18E31500FF991E = {
						CreatedOnToolsVersion = 7.3.1;
						TestTargetID = D1F2491C1D18E31500FF991E;
					};
				};
			};
			buildConfigurationList = D1F249181D18E31500FF991E /* Build configuration list for PBXProject "Billiam" */;
			compatibilityVersion = "Xcode 3.2";
			developmentRegion = English;
			hasScannedForEncodings = 0;
			knownRegions = (
				en,
				Base,
			);
			mainGroup = D1F249141D18E31500FF991E;
			productRefGroup = D1F2491E1D18E31500FF991E /* Products */;
			projectDirPath = "";
			projectRoot = "";
			targets = (
				D1F2491C1D18E31500FF991E /* Billiam */,
				D1F249331D18E31500FF991E /* BilliamTests */,
				D1F2493E1D18E31500FF991E /* BilliamUITests */,
			);
		};
/* End PBXProject section */

/* Begin PBXResourcesBuildPhase section */
		D1F2491B1D18E31500FF991E /* Resources */ = {
			isa = PBXResourcesBuildPhase;
			buildActionMask = 2147483647;
			files = (
				D1F2492E1D18E31500FF991E /* LaunchScreen.storyboard in Resources */,
				D1F2492B1D18E31500FF991E /* Assets.xcassets in Resources */,
				D1F249261D18E31500FF991E /* Main.storyboard in Resources */,
			);
			runOnlyForDeploymentPostprocessing = 0;
		};
		D1F249321D18E31500FF991E /* Resources */ = {
			isa = PBXResourcesBuildPhase;
			buildActionMask = 2147483647;
			files = (
			);
			runOnlyForDeploymentPostprocessing = 0;
		};
		D1F2493D1D18E31500FF991E /* Resources */ = {
			isa = PBXResourcesBuildPhase;
			buildActionMask = 2147483647;
			files = (
			);
			runOnlyForDeploymentPostprocessing = 0;
		};
/* End PBXResourcesBuildPhase section */

/* Begin PBXSourcesBuildPhase section */
		D1F249191D18E31500FF991E /* Sources */ = {
			isa = PBXSourcesBuildPhase;
			buildActionMask = 2147483647;
			files = (
				D1F249231D18E31500FF991E /* ViewController.swift in Sources */,
				D1F249291D18E31500FF991E /* Billiam.xcdatamodeld in Sources */,
				D1F249211D18E31500FF991E /* AppDelegate.swift in Sources */,
			);
			runOnlyForDeploymentPostprocessing = 0;
		};
		D1F249301D18E31500FF991E /* Sources */ = {
			isa = PBXSourcesBuildPhase;
			buildActionMask = 2147483647;
			files = (
				D1F249391D18E31500FF991E /* BilliamTests.swift in Sources */,
			);
			runOnlyForDeploymentPostprocessing = 0;
		};
		D1F2493B1D18E31500FF991E /* Sources */ = {
			isa = PBXSourcesBuildPhase;
			buildActionMask = 2147483647;
			files = (
				D1F249441D18E31500FF991E /* BilliamUITests.swift in Sources */,
			);
			runOnlyForDeploymentPostprocessing = 0;
		};
/* End PBXSourcesBuildPhase section */

/* Begin PBXTargetDependency section */
		D1F249361D18E31500FF991E /* PBXTargetDependency */ = {
			isa = PBXTargetDependency;
			target = D1F2491C1D18E31500FF991E /* Billiam */;
			targetProxy = D1F249351D18E31500FF991E /* PBXContainerItemProxy */;
		};
		D1F249411D18E31500FF991E /* PBXTargetDependency */ = {
			isa = PBXTargetDependency;
			target = D1F2491C1D18E31500FF991E /* Billiam */;
			targetProxy = D1F249401D18E31500FF991E /* PBXContainerItemProxy */;
		};
/* End PBXTargetDependency section */

/* Begin PBXVariantGroup section */
		D1F249241D18E31500FF991E /* Main.storyboard */ = {
			isa = PBXVariantGroup;
			children = (
				D1F249251D18E31500FF991E /* Base */,
			);
			name = Main.storyboard;
			sourceTree = "<group>";
		};
		D1F2492C1D18E31500FF991E /* LaunchScreen.storyboard */ = {
			isa = PBXVariantGroup;
			children = (
				D1F2492D1D18E31500FF991E /* Base */,
			);
			name = LaunchScreen.storyboard;
			sourceTree = "<group>";
		};
/* End PBXVariantGroup section */

/* Begin XCBuildConfiguration section */
		D1F249461D18E31500FF991E /* Debug */ = {
			isa = XCBuildConfiguration;
			buildSettings = {
				ALWAYS_SEARCH_USER_PATHS = NO;
				CLANG_ANALYZER_NONNULL = YES;
				CLANG_CXX_LANGUAGE_STANDARD = "gnu++0x";
				CLANG_CXX_LIBRARY = "libc++";
				CLANG_ENABLE_MODULES = YES;
				CLANG_ENABLE_OBJC_ARC = YES;
				CLANG_WARN_BOOL_CONVERSION = YES;
				CLANG_WARN_CONSTANT_CONVERSION = YES;
				CLANG_WARN_DIRECT_OBJC_ISA_USAGE = YES_ERROR;
				CLANG_WARN_EMPTY_BODY = YES;
				CLANG_WARN_ENUM_CONVERSION = YES;
				CLANG_WARN_INT_CONVERSION = YES;
				CLANG_WARN_OBJC_ROOT_CLASS = YES_ERROR;
				CLANG_WARN_UNREACHABLE_CODE = YES;
				CLANG_WARN__DUPLICATE_METHOD_MATCH = YES;
				"CODE_SIGN_IDENTITY[sdk=iphoneos*]" = "iPhone Developer";
				COPY_PHASE_STRIP = NO;
				DEBUG_INFORMATION_FORMAT = dwarf;
				ENABLE_STRICT_OBJC_MSGSEND = YES;
				ENABLE_TESTABILITY = YES;
				GCC_C_LANGUAGE_STANDARD = gnu99;
				GCC_DYNAMIC_NO_PIC = NO;
				GCC_NO_COMMON_BLOCKS = YES;
				GCC_OPTIMIZATION_LEVEL = 0;
				GCC_PREPROCESSOR_DEFINITIONS = (
					"DEBUG=1",
					"$(inherited)",
				);
				GCC_WARN_64_TO_32_BIT_CONVERSION = YES;
				GCC_WARN_ABOUT_RETURN_TYPE = YES_ERROR;
				GCC_WARN_UNDECLARED_SELECTOR = YES;
				GCC_WARN_UNINITIALIZED_AUTOS = YES_AGGRESSIVE;
				GCC_WARN_UNUSED_FUNCTION = YES;
				GCC_WARN_UNUSED_VARIABLE = YES;
				IPHONEOS_DEPLOYMENT_TARGET = 9.3;
				MTL_ENABLE_DEBUG_INFO = YES;
				ONLY_ACTIVE_ARCH = YES;
				SDKROOT = iphoneos;
				SWIFT_OPTIMIZATION_LEVEL = "-Onone";
			};
			name = Debug;
		};
		D1F249471D18E31500FF991E /* Release */ = {
			isa = XCBuildConfiguration;
			buildSettings = {
				ALWAYS_SEARCH_USER_PATHS = NO;
				CLANG_ANALYZER_NONNULL = YES;
				CLANG_CXX_LANGUAGE_STANDARD = "gnu++0x";
				CLANG_CXX_LIBRARY = "libc++";
				CLANG_ENABLE_MODULES = YES;
				CLANG_ENABLE_OBJC_ARC = YES;
				CLANG_WARN_BOOL_CONVERSION = YES;
				CLANG_WARN_CONSTANT_CONVERSION = YES;
				CLANG_WARN_DIRECT_OBJC_ISA_USAGE = YES_ERROR;
				CLANG_WARN_EMPTY_BODY = YES;
				CLANG_WARN_ENUM_CONVERSION = YES;
				CLANG_WARN_INT_CONVERSION = YES;
				CLANG_WARN_OBJC_ROOT_CLASS = YES_ERROR;
				CLANG_WARN_UNREACHABLE_CODE = YES;
				CLANG_WARN__DUPLICATE_METHOD_MATCH = YES;
				"CODE_SIGN_IDENTITY[sdk=iphoneos*]" = "iPhone Developer";
				COPY_PHASE_STRIP = NO;
				DEBUG_INFORMATION_FORMAT = "dwarf-with-dsym";
				ENABLE_NS_ASSERTIONS = NO;
				ENABLE_STRICT_OBJC_MSGSEND = YES;
				GCC_C_LANGUAGE_STANDARD = gnu99;
				GCC_NO_COMMON_BLOCKS = YES;
				GCC_WARN_64_TO_32_BIT_CONVERSION = YES;
				GCC_WARN_ABOUT_RETURN_TYPE = YES_ERROR;
				GCC_WARN_UNDECLARED_SELECTOR = YES;
				GCC_WARN_UNINITIALIZED_AUTOS = YES_AGGRESSIVE;
				GCC_WARN_UNUSED_FUNCTION = YES;
				GCC_WARN_UNUSED_VARIABLE = YES;
				IPHONEOS_DEPLOYMENT_TARGET = 9.3;
				MTL_ENABLE_DEBUG_INFO = NO;
				SDKROOT = iphoneos;
				VALIDATE_PRODUCT = YES;
			};
			name = Release;
		};
		D1F249491D18E31500FF991E /* Debug */ = {
			isa = XCBuildConfiguration;
			buildSettings = {
				ASSETCATALOG_COMPILER_APPICON_NAME = AppIcon;
				INFOPLIST_FILE = Billiam/Info.plist;
				LD_RUNPATH_SEARCH_PATHS = "$(inherited) @executable_path/Frameworks";
				PRODUCT_BUNDLE_IDENTIFIER = "bill-ductivity.Billiam";
				PRODUCT_NAME = "$(TARGET_NAME)";
			};
			name = Debug;
		};
		D1F2494A1D18E31500FF991E /* Release */ = {
			isa = XCBuildConfiguration;
			buildSettings = {
				ASSETCATALOG_COMPILER_APPICON_NAME = AppIcon;
				INFOPLIST_FILE = Billiam/Info.plist;
				LD_RUNPATH_SEARCH_PATHS = "$(inherited) @executable_path/Frameworks";
				PRODUCT_BUNDLE_IDENTIFIER = "bill-ductivity.Billiam";
				PRODUCT_NAME = "$(TARGET_NAME)";
			};
			name = Release;
		};
		D1F2494C1D18E31500FF991E /* Debug */ = {
			isa = XCBuildConfiguration;
			buildSettings = {
				BUNDLE_LOADER = "$(TEST_HOST)";
				INFOPLIST_FILE = BilliamTests/Info.plist;
				LD_RUNPATH_SEARCH_PATHS = "$(inherited) @executable_path/Frameworks @loader_path/Frameworks";
				PRODUCT_BUNDLE_IDENTIFIER = "bill-ductivity.BilliamTests";
				PRODUCT_NAME = "$(TARGET_NAME)";
				TEST_HOST = "$(BUILT_PRODUCTS_DIR)/Billiam.app/Billiam";
			};
			name = Debug;
		};
		D1F2494D1D18E31500FF991E /* Release */ = {
			isa = XCBuildConfiguration;
			buildSettings = {
				BUNDLE_LOADER = "$(TEST_HOST)";
				INFOPLIST_FILE = BilliamTests/Info.plist;
				LD_RUNPATH_SEARCH_PATHS = "$(inherited) @executable_path/Frameworks @loader_path/Frameworks";
				PRODUCT_BUNDLE_IDENTIFIER = "bill-ductivity.BilliamTests";
				PRODUCT_NAME = "$(TARGET_NAME)";
				TEST_HOST = "$(BUILT_PRODUCTS_DIR)/Billiam.app/Billiam";
			};
			name = Release;
		};
		D1F2494F1D18E31500FF991E /* Debug */ = {
			isa = XCBuildConfiguration;
			buildSettings = {
				INFOPLIST_FILE = BilliamUITests/Info.plist;
				LD_RUNPATH_SEARCH_PATHS = "$(inherited) @executable_path/Frameworks @loader_path/Frameworks";
				PRODUCT_BUNDLE_IDENTIFIER = "bill-ductivity.BilliamUITests";
				PRODUCT_NAME = "$(TARGET_NAME)";
				TEST_TARGET_NAME = Billiam;
			};
			name = Debug;
		};
		D1F249501D18E31500FF991E /* Release */ = {
			isa = XCBuildConfiguration;
			buildSettings = {
				INFOPLIST_FILE = BilliamUITests/Info.plist;
				LD_RUNPATH_SEARCH_PATHS = "$(inherited) @executable_path/Frameworks @loader_path/Frameworks";
				PRODUCT_BUNDLE_IDENTIFIER = "bill-ductivity.BilliamUITests";
				PRODUCT_NAME = "$(TARGET_NAME)";
				TEST_TARGET_NAME = Billiam;
			};
			name = Release;
		};
/* End XCBuildConfiguration section */

/* Begin XCConfigurationList section */
		D1F249181D18E31500FF991E /* Build configuration list for PBXProject "Billiam" */ = {
			isa = XCConfigurationList;
			buildConfigurations = (
				D1F249461D18E31500FF991E /* Debug */,
				D1F249471D18E31500FF991E /* Release */,
			);
			defaultConfigurationIsVisible = 0;
			defaultConfigurationName = Release;
		};
		D1F249481D18E31500FF991E /* Build configuration list for PBXNativeTarget "Billiam" */ = {
			isa = XCConfigurationList;
			buildConfigurations = (
				D1F249491D18E31500FF991E /* Debug */,
				D1F2494A1D18E31500FF991E /* Release */,
			);
			defaultConfigurationIsVisible = 0;
			defaultConfigurationName = Release;
		};
		D1F2494B1D18E31500FF991E /* Build configuration list for PBXNativeTarget "BilliamTests" */ = {
			isa = XCConfigurationList;
			buildConfigurations = (
				D1F2494C1D18E31500FF991E /* Debug */,
				D1F2494D1D18E31500FF991E /* Release */,
			);
			defaultConfigurationIsVisible = 0;
			defaultConfigurationName = Release;
		};
		D1F2494E1D18E31500FF991E /* Build configuration list for PBXNativeTarget "BilliamUITests" */ = {
			isa = XCConfigurationList;
			buildConfigurations = (
				D1F2494F1D18E31500FF991E /* Debug */,
				D1F249501D18E31500FF991E /* Release */,
			);
			defaultConfigurationIsVisible = 0;
			defaultConfigurationName = Release;
		};
/* End XCConfigurationList section */

/* Begin XCVersionGroup section */
		D1F249271D18E31500FF991E /* Billiam.xcdatamodeld */ = {
			isa = XCVersionGroup;
			children = (
				D1F249281D18E31500FF991E /* Billiam.xcdatamodel */,
			);
			currentVersion = D1F249281D18E31500FF991E /* Billiam.xcdatamodel */;
			path = Billiam.xcdatamodeld;
			sourceTree = "<group>";
			versionGroupType = wrapper.xcdatamodel;
		};
/* End XCVersionGroup section */
	};
	rootObject = D1F249151D18E31500FF991E /* Project object */;
}
